// !$*UTF8*$!
{
	archiveVersion = 1;
	classes = {
	};
	objectVersion = 45;
	objects = {

/* Begin PBXBuildFile section */
		1D3623260D0F684500981E51 /* GeobloggerAppDelegate.m in Sources */ = {isa = PBXBuildFile; fileRef = 1D3623250D0F684500981E51 /* GeobloggerAppDelegate.m */; };
		1D60589B0D05DD56006BFB54 /* main.m in Sources */ = {isa = PBXBuildFile; fileRef = 29B97316FDCFA39411CA2CEA /* main.m */; };
		1D60589F0D05DD5A006BFB54 /* Foundation.framework in Frameworks */ = {isa = PBXBuildFile; fileRef = 1D30AB110D05D00D00671497 /* Foundation.framework */; };
		1DF5F4E00D08C38300B7A737 /* UIKit.framework in Frameworks */ = {isa = PBXBuildFile; fileRef = 1DF5F4DF0D08C38300B7A737 /* UIKit.framework */; };
		288765FD0DF74451002DB57D /* CoreGraphics.framework in Frameworks */ = {isa = PBXBuildFile; fileRef = 288765FC0DF74451002DB57D /* CoreGraphics.framework */; };
		28AD733F0D9D9553002E5188 /* MainWindow.xib in Resources */ = {isa = PBXBuildFile; fileRef = 28AD733E0D9D9553002E5188 /* MainWindow.xib */; };
		8F78554D0FA16506002E7D40 /* TimeWarpDetailController.m in Sources */ = {isa = PBXBuildFile; fileRef = 8F78554C0FA16506002E7D40 /* TimeWarpDetailController.m */; };
		8F88B8720FA168BB001E3A17 /* hoover.png in Resources */ = {isa = PBXBuildFile; fileRef = 8F88B8710FA168BB001E3A17 /* hoover.png */; };
		8FBA7CFB0F97044000762EEE /* PostDetailViewController.m in Sources */ = {isa = PBXBuildFile; fileRef = 8FBA7CFA0F97044000762EEE /* PostDetailViewController.m */; };
		8FBA7DE80F97272600762EEE /* 12-6PM.png in Resources */ = {isa = PBXBuildFile; fileRef = 8FBA7DE70F97272600762EEE /* 12-6PM.png */; };
		8FBA7E150F972A4400762EEE /* 6-12AM.png in Resources */ = {isa = PBXBuildFile; fileRef = 8FBA7E140F972A4400762EEE /* 6-12AM.png */; };
		8FBA7E230F972A6B00762EEE /* 12-6AM.png in Resources */ = {isa = PBXBuildFile; fileRef = 8FBA7E220F972A6B00762EEE /* 12-6AM.png */; };
		8FBA7E2B0F972A7B00762EEE /* 6-12PM.png in Resources */ = {isa = PBXBuildFile; fileRef = 8FBA7E2A0F972A7B00762EEE /* 6-12PM.png */; };
		8FC74F930F9ED7E800167564 /* EventModel.m in Sources */ = {isa = PBXBuildFile; fileRef = 8FC74F920F9ED7E800167564 /* EventModel.m */; };
		8FC74F960F9ED85B00167564 /* PostModel.m in Sources */ = {isa = PBXBuildFile; fileRef = 8FC74F950F9ED85B00167564 /* PostModel.m */; };
		8FC74F990F9ED86500167564 /* CommentModel.m in Sources */ = {isa = PBXBuildFile; fileRef = 8FC74F980F9ED86500167564 /* CommentModel.m */; };
		8FC74F9C0F9ED87400167564 /* UserModel.m in Sources */ = {isa = PBXBuildFile; fileRef = 8FC74F9B0F9ED87400167564 /* UserModel.m */; };
		8FC7513E0F9EE47900167564 /* TimeWarpViewController.m in Sources */ = {isa = PBXBuildFile; fileRef = 8FC7513D0F9EE47900167564 /* TimeWarpViewController.m */; };
		8FC751920F9EE8F300167564 /* NSObject+SBJSON.m in Sources */ = {isa = PBXBuildFile; fileRef = 8FC7518B0F9EE8F300167564 /* NSObject+SBJSON.m */; };
		8FC751930F9EE8F300167564 /* NSString+SBJSON.m in Sources */ = {isa = PBXBuildFile; fileRef = 8FC7518C0F9EE8F300167564 /* NSString+SBJSON.m */; };
		8FC751940F9EE8F300167564 /* SBJSON.m in Sources */ = {isa = PBXBuildFile; fileRef = 8FC7518E0F9EE8F300167564 /* SBJSON.m */; };
		8FC751950F9EE8F300167564 /* APIHelper.m in Sources */ = {isa = PBXBuildFile; fileRef = 8FC751910F9EE8F300167564 /* APIHelper.m */; };
/* End PBXBuildFile section */

/* Begin PBXFileReference section */
		1D30AB110D05D00D00671497 /* Foundation.framework */ = {isa = PBXFileReference; lastKnownFileType = wrapper.framework; name = Foundation.framework; path = System/Library/Frameworks/Foundation.framework; sourceTree = SDKROOT; };
		1D3623240D0F684500981E51 /* GeobloggerAppDelegate.h */ = {isa = PBXFileReference; fileEncoding = 4; lastKnownFileType = sourcecode.c.h; path = GeobloggerAppDelegate.h; sourceTree = "<group>"; };
		1D3623250D0F684500981E51 /* GeobloggerAppDelegate.m */ = {isa = PBXFileReference; fileEncoding = 4; lastKnownFileType = sourcecode.c.objc; path = GeobloggerAppDelegate.m; sourceTree = "<group>"; };
		1D6058910D05DD3D006BFB54 /* Geoblogger.app */ = {isa = PBXFileReference; explicitFileType = wrapper.application; includeInIndex = 0; path = Geoblogger.app; sourceTree = BUILT_PRODUCTS_DIR; };
		1DF5F4DF0D08C38300B7A737 /* UIKit.framework */ = {isa = PBXFileReference; lastKnownFileType = wrapper.framework; name = UIKit.framework; path = System/Library/Frameworks/UIKit.framework; sourceTree = SDKROOT; };
		288765FC0DF74451002DB57D /* CoreGraphics.framework */ = {isa = PBXFileReference; lastKnownFileType = wrapper.framework; name = CoreGraphics.framework; path = System/Library/Frameworks/CoreGraphics.framework; sourceTree = SDKROOT; };
		28AD733E0D9D9553002E5188 /* MainWindow.xib */ = {isa = PBXFileReference; lastKnownFileType = file.xib; path = MainWindow.xib; sourceTree = "<group>"; };
		29B97316FDCFA39411CA2CEA /* main.m */ = {isa = PBXFileReference; fileEncoding = 4; lastKnownFileType = sourcecode.c.objc; path = main.m; sourceTree = "<group>"; };
		32CA4F630368D1EE00C91783 /* Geoblogger_Prefix.pch */ = {isa = PBXFileReference; fileEncoding = 4; lastKnownFileType = sourcecode.c.h; path = Geoblogger_Prefix.pch; sourceTree = "<group>"; };
		8D1107310486CEB800E47090 /* Info.plist */ = {isa = PBXFileReference; fileEncoding = 4; lastKnownFileType = text.plist.xml; path = Info.plist; sourceTree = "<group>"; };
		8F78554B0FA16506002E7D40 /* TimeWarpDetailController.h */ = {isa = PBXFileReference; fileEncoding = 4; lastKnownFileType = sourcecode.c.h; path = TimeWarpDetailController.h; sourceTree = "<group>"; };
		8F78554C0FA16506002E7D40 /* TimeWarpDetailController.m */ = {isa = PBXFileReference; fileEncoding = 4; lastKnownFileType = sourcecode.c.objc; path = TimeWarpDetailController.m; sourceTree = "<group>"; };
		8F88B8710FA168BB001E3A17 /* hoover.png */ = {isa = PBXFileReference; lastKnownFileType = image.png; path = hoover.png; sourceTree = "<group>"; };
		8FBA7CF90F97044000762EEE /* PostDetailViewController.h */ = {isa = PBXFileReference; fileEncoding = 4; lastKnownFileType = sourcecode.c.h; path = PostDetailViewController.h; sourceTree = "<group>"; };
		8FBA7CFA0F97044000762EEE /* PostDetailViewController.m */ = {isa = PBXFileReference; fileEncoding = 4; lastKnownFileType = sourcecode.c.objc; path = PostDetailViewController.m; sourceTree = "<group>"; };
		8FBA7DE70F97272600762EEE /* 12-6PM.png */ = {isa = PBXFileReference; lastKnownFileType = image.png; path = "12-6PM.png"; sourceTree = "<group>"; };
		8FBA7E140F972A4400762EEE /* 6-12AM.png */ = {isa = PBXFileReference; lastKnownFileType = image.png; path = "6-12AM.png"; sourceTree = "<group>"; };
		8FBA7E220F972A6B00762EEE /* 12-6AM.png */ = {isa = PBXFileReference; lastKnownFileType = image.png; path = "12-6AM.png"; sourceTree = "<group>"; };
		8FBA7E2A0F972A7B00762EEE /* 6-12PM.png */ = {isa = PBXFileReference; lastKnownFileType = image.png; path = "6-12PM.png"; sourceTree = "<group>"; };
		8FC74F910F9ED7E800167564 /* EventModel.h */ = {isa = PBXFileReference; fileEncoding = 4; lastKnownFileType = sourcecode.c.h; path = EventModel.h; sourceTree = "<group>"; };
		8FC74F920F9ED7E800167564 /* EventModel.m */ = {isa = PBXFileReference; fileEncoding = 4; lastKnownFileType = sourcecode.c.objc; path = EventModel.m; sourceTree = "<group>"; };
		8FC74F940F9ED85B00167564 /* PostModel.h */ = {isa = PBXFileReference; fileEncoding = 4; lastKnownFileType = sourcecode.c.h; path = PostModel.h; sourceTree = "<group>"; };
		8FC74F950F9ED85B00167564 /* PostModel.m */ = {isa = PBXFileReference; fileEncoding = 4; lastKnownFileType = sourcecode.c.objc; path = PostModel.m; sourceTree = "<group>"; };
		8FC74F970F9ED86500167564 /* CommentModel.h */ = {isa = PBXFileReference; fileEncoding = 4; lastKnownFileType = sourcecode.c.h; path = CommentModel.h; sourceTree = "<group>"; };
		8FC74F980F9ED86500167564 /* CommentModel.m */ = {isa = PBXFileReference; fileEncoding = 4; lastKnownFileType = sourcecode.c.objc; path = CommentModel.m; sourceTree = "<group>"; };
		8FC74F9A0F9ED87400167564 /* UserModel.h */ = {isa = PBXFileReference; fileEncoding = 4; lastKnownFileType = sourcecode.c.h; path = UserModel.h; sourceTree = "<group>"; };
		8FC74F9B0F9ED87400167564 /* UserModel.m */ = {isa = PBXFileReference; fileEncoding = 4; lastKnownFileType = sourcecode.c.objc; path = UserModel.m; sourceTree = "<group>"; };
		8FC7513C0F9EE47900167564 /* TimeWarpViewController.h */ = {isa = PBXFileReference; fileEncoding = 4; lastKnownFileType = sourcecode.c.h; path = TimeWarpViewController.h; sourceTree = "<group>"; };
		8FC7513D0F9EE47900167564 /* TimeWarpViewController.m */ = {isa = PBXFileReference; fileEncoding = 4; lastKnownFileType = sourcecode.c.objc; path = TimeWarpViewController.m; sourceTree = "<group>"; };
		8FC751890F9EE8F300167564 /* JSON.h */ = {isa = PBXFileReference; fileEncoding = 4; lastKnownFileType = sourcecode.c.h; path = JSON.h; sourceTree = "<group>"; };
		8FC7518A0F9EE8F300167564 /* NSObject+SBJSON.h */ = {isa = PBXFileReference; fileEncoding = 4; lastKnownFileType = sourcecode.c.h; path = "NSObject+SBJSON.h"; sourceTree = "<group>"; };
		8FC7518B0F9EE8F300167564 /* NSObject+SBJSON.m */ = {isa = PBXFileReference; fileEncoding = 4; lastKnownFileType = sourcecode.c.objc; path = "NSObject+SBJSON.m"; sourceTree = "<group>"; };
		8FC7518C0F9EE8F300167564 /* NSString+SBJSON.m */ = {isa = PBXFileReference; fileEncoding = 4; lastKnownFileType = sourcecode.c.objc; path = "NSString+SBJSON.m"; sourceTree = "<group>"; };
		8FC7518D0F9EE8F300167564 /* SBJSON.h */ = {isa = PBXFileReference; fileEncoding = 4; lastKnownFileType = sourcecode.c.h; path = SBJSON.h; sourceTree = "<group>"; };
		8FC7518E0F9EE8F300167564 /* SBJSON.m */ = {isa = PBXFileReference; fileEncoding = 4; lastKnownFileType = sourcecode.c.objc; path = SBJSON.m; sourceTree = "<group>"; };
		8FC7518F0F9EE8F300167564 /* NSString+SBJSON.h */ = {isa = PBXFileReference; fileEncoding = 4; lastKnownFileType = sourcecode.c.h; path = "NSString+SBJSON.h"; sourceTree = "<group>"; };
		8FC751900F9EE8F300167564 /* APIHelper.h */ = {isa = PBXFileReference; fileEncoding = 4; lastKnownFileType = sourcecode.c.h; path = APIHelper.h; sourceTree = "<group>"; };
		8FC751910F9EE8F300167564 /* APIHelper.m */ = {isa = PBXFileReference; fileEncoding = 4; lastKnownFileType = sourcecode.c.objc; path = APIHelper.m; sourceTree = "<group>"; };
/* End PBXFileReference section */

/* Begin PBXFrameworksBuildPhase section */
		1D60588F0D05DD3D006BFB54 /* Frameworks */ = {
			isa = PBXFrameworksBuildPhase;
			buildActionMask = 2147483647;
			files = (
				1D60589F0D05DD5A006BFB54 /* Foundation.framework in Frameworks */,
				1DF5F4E00D08C38300B7A737 /* UIKit.framework in Frameworks */,
				288765FD0DF74451002DB57D /* CoreGraphics.framework in Frameworks */,
			);
			runOnlyForDeploymentPostprocessing = 0;
		};
/* End PBXFrameworksBuildPhase section */

/* Begin PBXGroup section */
		080E96DDFE201D6D7F000001 /* Classes */ = {
			isa = PBXGroup;
			children = (
				1D3623240D0F684500981E51 /* GeobloggerAppDelegate.h */,
				1D3623250D0F684500981E51 /* GeobloggerAppDelegate.m */,
			);
			path = Classes;
			sourceTree = "<group>";
		};
		19C28FACFE9D520D11CA2CBB /* Products */ = {
			isa = PBXGroup;
			children = (
				1D6058910D05DD3D006BFB54 /* Geoblogger.app */,
			);
			name = Products;
			sourceTree = "<group>";
		};
		29B97314FDCFA39411CA2CEA /* CustomTemplate */ = {
			isa = PBXGroup;
			children = (
				8FC751880F9EE8F300167564 /* API */,
				8FC74F8E0F9ED6FE00167564 /* Models */,
				8FBA786B0F959FFA00762EEE /* ViewControllers */,
				080E96DDFE201D6D7F000001 /* Classes */,
				29B97315FDCFA39411CA2CEA /* Other Sources */,
				29B97317FDCFA39411CA2CEA /* Resources */,
				29B97323FDCFA39411CA2CEA /* Frameworks */,
				19C28FACFE9D520D11CA2CBB /* Products */,
			);
			name = CustomTemplate;
			sourceTree = "<group>";
		};
		29B97315FDCFA39411CA2CEA /* Other Sources */ = {
			isa = PBXGroup;
			children = (
				32CA4F630368D1EE00C91783 /* Geoblogger_Prefix.pch */,
				29B97316FDCFA39411CA2CEA /* main.m */,
			);
			name = "Other Sources";
			sourceTree = "<group>";
		};
		29B97317FDCFA39411CA2CEA /* Resources */ = {
			isa = PBXGroup;
			children = (
				28AD733E0D9D9553002E5188 /* MainWindow.xib */,
				8F88B8710FA168BB001E3A17 /* hoover.png */,
				8FBA7DE70F97272600762EEE /* 12-6PM.png */,
				8FBA7E220F972A6B00762EEE /* 12-6AM.png */,
				8FBA7E2A0F972A7B00762EEE /* 6-12PM.png */,
				8FBA7E140F972A4400762EEE /* 6-12AM.png */,
				8D1107310486CEB800E47090 /* Info.plist */,
			);
			name = Resources;
			sourceTree = "<group>";
		};
		29B97323FDCFA39411CA2CEA /* Frameworks */ = {
			isa = PBXGroup;
			children = (
				1DF5F4DF0D08C38300B7A737 /* UIKit.framework */,
				1D30AB110D05D00D00671497 /* Foundation.framework */,
				288765FC0DF74451002DB57D /* CoreGraphics.framework */,
			);
			name = Frameworks;
			sourceTree = "<group>";
		};
		8FBA786B0F959FFA00762EEE /* ViewControllers */ = {
			isa = PBXGroup;
			children = (
				8FBA7CF90F97044000762EEE /* PostDetailViewController.h */,
				8FBA7CFA0F97044000762EEE /* PostDetailViewController.m */,
				8FC7513C0F9EE47900167564 /* TimeWarpViewController.h */,
				8FC7513D0F9EE47900167564 /* TimeWarpViewController.m */,
				8F78554B0FA16506002E7D40 /* TimeWarpDetailController.h */,
				8F78554C0FA16506002E7D40 /* TimeWarpDetailController.m */,
			);
			name = ViewControllers;
			sourceTree = "<group>";
		};
		8FC74F8E0F9ED6FE00167564 /* Models */ = {
			isa = PBXGroup;
			children = (
				8FC74F9A0F9ED87400167564 /* UserModel.h */,
				8FC74F9B0F9ED87400167564 /* UserModel.m */,
				8FC74F970F9ED86500167564 /* CommentModel.h */,
				8FC74F980F9ED86500167564 /* CommentModel.m */,
				8FC74F940F9ED85B00167564 /* PostModel.h */,
				8FC74F950F9ED85B00167564 /* PostModel.m */,
				8FC74F910F9ED7E800167564 /* EventModel.h */,
				8FC74F920F9ED7E800167564 /* EventModel.m */,
			);
			name = Models;
			sourceTree = "<group>";
		};
		8FC751880F9EE8F300167564 /* API */ = {
			isa = PBXGroup;
			children = (
				8FC751890F9EE8F300167564 /* JSON.h */,
				8FC7518A0F9EE8F300167564 /* NSObject+SBJSON.h */,
				8FC7518B0F9EE8F300167564 /* NSObject+SBJSON.m */,
				8FC7518C0F9EE8F300167564 /* NSString+SBJSON.m */,
				8FC7518D0F9EE8F300167564 /* SBJSON.h */,
				8FC7518E0F9EE8F300167564 /* SBJSON.m */,
				8FC7518F0F9EE8F300167564 /* NSString+SBJSON.h */,
				8FC751900F9EE8F300167564 /* APIHelper.h */,
				8FC751910F9EE8F300167564 /* APIHelper.m */,
			);
			name = API;
			sourceTree = "<group>";
		};
/* End PBXGroup section */

/* Begin PBXNativeTarget section */
		1D6058900D05DD3D006BFB54 /* Geoblogger */ = {
			isa = PBXNativeTarget;
			buildConfigurationList = 1D6058960D05DD3E006BFB54 /* Build configuration list for PBXNativeTarget "Geoblogger" */;
			buildPhases = (
				1D60588D0D05DD3D006BFB54 /* Resources */,
				1D60588E0D05DD3D006BFB54 /* Sources */,
				1D60588F0D05DD3D006BFB54 /* Frameworks */,
			);
			buildRules = (
			);
			dependencies = (
			);
			name = Geoblogger;
			productName = Geoblogger;
			productReference = 1D6058910D05DD3D006BFB54 /* Geoblogger.app */;
			productType = "com.apple.product-type.application";
		};
/* End PBXNativeTarget section */

/* Begin PBXProject section */
		29B97313FDCFA39411CA2CEA /* Project object */ = {
			isa = PBXProject;
			buildConfigurationList = C01FCF4E08A954540054247B /* Build configuration list for PBXProject "Geoblogger" */;
			compatibilityVersion = "Xcode 3.1";
			hasScannedForEncodings = 1;
			mainGroup = 29B97314FDCFA39411CA2CEA /* CustomTemplate */;
			projectDirPath = "";
			projectRoot = "";
			targets = (
				1D6058900D05DD3D006BFB54 /* Geoblogger */,
			);
		};
/* End PBXProject section */

/* Begin PBXResourcesBuildPhase section */
		1D60588D0D05DD3D006BFB54 /* Resources */ = {
			isa = PBXResourcesBuildPhase;
			buildActionMask = 2147483647;
			files = (
				28AD733F0D9D9553002E5188 /* MainWindow.xib in Resources */,
				8FBA7DE80F97272600762EEE /* 12-6PM.png in Resources */,
				8FBA7E150F972A4400762EEE /* 6-12AM.png in Resources */,
				8FBA7E230F972A6B00762EEE /* 12-6AM.png in Resources */,
				8FBA7E2B0F972A7B00762EEE /* 6-12PM.png in Resources */,
				8F88B8720FA168BB001E3A17 /* hoover.png in Resources */,
			);
			runOnlyForDeploymentPostprocessing = 0;
		};
/* End PBXResourcesBuildPhase section */

/* Begin PBXSourcesBuildPhase section */
		1D60588E0D05DD3D006BFB54 /* Sources */ = {
			isa = PBXSourcesBuildPhase;
			buildActionMask = 2147483647;
			files = (
				1D60589B0D05DD56006BFB54 /* main.m in Sources */,
				1D3623260D0F684500981E51 /* GeobloggerAppDelegate.m in Sources */,
				8FBA7CFB0F97044000762EEE /* PostDetailViewController.m in Sources */,
				8FC74F930F9ED7E800167564 /* EventModel.m in Sources */,
				8FC74F960F9ED85B00167564 /* PostModel.m in Sources */,
				8FC74F990F9ED86500167564 /* CommentModel.m in Sources */,
				8FC74F9C0F9ED87400167564 /* UserModel.m in Sources */,
				8FC7513E0F9EE47900167564 /* TimeWarpViewController.m in Sources */,
				8FC751920F9EE8F300167564 /* NSObject+SBJSON.m in Sources */,
				8FC751930F9EE8F300167564 /* NSString+SBJSON.m in Sources */,
				8FC751940F9EE8F300167564 /* SBJSON.m in Sources */,
				8FC751950F9EE8F300167564 /* APIHelper.m in Sources */,
				8F78554D0FA16506002E7D40 /* TimeWarpDetailController.m in Sources */,
			);
			runOnlyForDeploymentPostprocessing = 0;
		};
/* End PBXSourcesBuildPhase section */

/* Begin XCBuildConfiguration section */
		1D6058940D05DD3E006BFB54 /* Debug */ = {
			isa = XCBuildConfiguration;
			buildSettings = {
				ALWAYS_SEARCH_USER_PATHS = NO;
				COPY_PHASE_STRIP = NO;
				GCC_DYNAMIC_NO_PIC = NO;
				GCC_OPTIMIZATION_LEVEL = 0;
				GCC_PRECOMPILE_PREFIX_HEADER = YES;
				GCC_PREFIX_HEADER = Geoblogger_Prefix.pch;
				INFOPLIST_FILE = Info.plist;
				PRODUCT_NAME = Geoblogger;
			};
			name = Debug;
		};
		1D6058950D05DD3E006BFB54 /* Release */ = {
			isa = XCBuildConfiguration;
			buildSettings = {
				ALWAYS_SEARCH_USER_PATHS = NO;
				COPY_PHASE_STRIP = YES;
				GCC_PRECOMPILE_PREFIX_HEADER = YES;
				GCC_PREFIX_HEADER = Geoblogger_Prefix.pch;
				INFOPLIST_FILE = Info.plist;
				PRODUCT_NAME = Geoblogger;
			};
			name = Release;
		};
		C01FCF4F08A954540054247B /* Debug */ = {
			isa = XCBuildConfiguration;
			buildSettings = {
				ARCHS = "$(ARCHS_STANDARD_32_BIT)";
				"CODE_SIGN_IDENTITY[sdk=iphoneos*]" = "iPhone Developer";
				GCC_C_LANGUAGE_STANDARD = c99;
				GCC_WARN_ABOUT_RETURN_TYPE = YES;
				GCC_WARN_UNUSED_VARIABLE = YES;
				ONLY_ACTIVE_ARCH = YES;
				PREBINDING = NO;
				SDKROOT = iphoneos2.2.1;
			};
			name = Debug;
		};
		C01FCF5008A954540054247B /* Release */ = {
			isa = XCBuildConfiguration;
			buildSettings = {
				ARCHS = "$(ARCHS_STANDARD_32_BIT)";
				"CODE_SIGN_IDENTITY[sdk=iphoneos*]" = "iPhone Developer";
				GCC_C_LANGUAGE_STANDARD = c99;
				GCC_WARN_ABOUT_RETURN_TYPE = YES;
				GCC_WARN_UNUSED_VARIABLE = YES;
				PREBINDING = NO;
				SDKROOT = iphoneos2.2.1;
			};
			name = Release;
		};
/* End XCBuildConfiguration section */

/* Begin XCConfigurationList section */
		1D6058960D05DD3E006BFB54 /* Build configuration list for PBXNativeTarget "Geoblogger" */ = {
			isa = XCConfigurationList;
			buildConfigurations = (
				1D6058940D05DD3E006BFB54 /* Debug */,
				1D6058950D05DD3E006BFB54 /* Release */,
			);
			defaultConfigurationIsVisible = 0;
			defaultConfigurationName = Release;
		};
		C01FCF4E08A954540054247B /* Build configuration list for PBXProject "Geoblogger" */ = {
			isa = XCConfigurationList;
			buildConfigurations = (
				C01FCF4F08A954540054247B /* Debug */,
				C01FCF5008A954540054247B /* Release */,
			);
			defaultConfigurationIsVisible = 0;
			defaultConfigurationName = Release;
		};
/* End XCConfigurationList section */
	};
	rootObject = 29B97313FDCFA39411CA2CEA /* Project object */;
}
